
Microsoft Visual Studio Solution File, Format Version 12.00
# Visual Studio 2013
VisualStudioVersion = 12.0.20827.3
MinimumVisualStudioVersion = 10.0.40219.1
Project("{8BC9CEB8-8B4A-11D0-8D11-00A0C91BC942}") = "testcpp", "testcpp\testcpp.vcxproj", "{7DD930B0-C400-420A-BC15-7E289B0FC1A2}"
EndProject
Project("{8BC9CEB8-8B4A-11D0-8D11-00A0C91BC942}") = "testAlgorithm", "testAlgorithm\testAlgorithm.vcxproj", "{3AC3D600-2514-473C-A9D6-F3F6C12A7F71}"
EndProject
Project("{8BC9CEB8-8B4A-11D0-8D11-00A0C91BC942}") = "testSyntax", "testSyntax\testSyntax.vcxproj", "{4285AB79-2362-4B13-A916-FA087877A99A}"
EndProject
Project("{8BC9CEB8-8B4A-11D0-8D11-00A0C91BC942}") = "testWWSAPI", "testWWSAPI\testWWSAPI.vcxproj", "{F36413EB-4E12-4ED7-8280-54B2B16121CE}"
EndProject
Project("{8BC9CEB8-8B4A-11D0-8D11-00A0C91BC942}") = "testVSCoderCoverage", "testVSCoderCoverage\testVSCoderCoverage.vcxproj", "{EF54ABA0-4B92-4D5E-A457-2107C9762D65}"
	ProjectSection(ProjectDependencies) = postProject
		{EAF17B59-803F-4B11-9B6F-B735D5E9E69A} = {EAF17B59-803F-4B11-9B6F-B735D5E9E69A}
	EndProjectSection
EndProject
Project("{8BC9CEB8-8B4A-11D0-8D11-00A0C91BC942}") = "testVSCodeCoverageDLL", "testVSCodeCoverageDLL\testVSCodeCoverageDLL.vcxproj", "{EAF17B59-803F-4B11-9B6F-B735D5E9E69A}"
EndProject
Global
	GlobalSection(SolutionConfigurationPlatforms) = preSolution
		Debug|Win32 = Debug|Win32
		Release|Win32 = Release|Win32
	EndGlobalSection
	GlobalSection(ProjectConfigurationPlatforms) = postSolution
		{7DD930B0-C400-420A-BC15-7E289B0FC1A2}.Debug|Win32.ActiveCfg = Debug|Win32
		{7DD930B0-C400-420A-BC15-7E289B0FC1A2}.Debug|Win32.Build.0 = Debug|Win32
		{7DD930B0-C400-420A-BC15-7E289B0FC1A2}.Release|Win32.ActiveCfg = Release|Win32
		{7DD930B0-C400-420A-BC15-7E289B0FC1A2}.Release|Win32.Build.0 = Release|Win32
		{3AC3D600-2514-473C-A9D6-F3F6C12A7F71}.Debug|Win32.ActiveCfg = Debug|Win32
		{3AC3D600-2514-473C-A9D6-F3F6C12A7F71}.Debug|Win32.Build.0 = Debug|Win32
		{3AC3D600-2514-473C-A9D6-F3F6C12A7F71}.Release|Win32.ActiveCfg = Release|Win32
		{3AC3D600-2514-473C-A9D6-F3F6C12A7F71}.Release|Win32.Build.0 = Release|Win32
		{4285AB79-2362-4B13-A916-FA087877A99A}.Debug|Win32.ActiveCfg = Debug|Win32
		{4285AB79-2362-4B13-A916-FA087877A99A}.Debug|Win32.Build.0 = Debug|Win32
		{4285AB79-2362-4B13-A916-FA087877A99A}.Release|Win32.ActiveCfg = Release|Win32
		{4285AB79-2362-4B13-A916-FA087877A99A}.Release|Win32.Build.0 = Release|Win32
		{F36413EB-4E12-4ED7-8280-54B2B16121CE}.Debug|Win32.ActiveCfg = Debug|Win32
		{F36413EB-4E12-4ED7-8280-54B2B16121CE}.Debug|Win32.Build.0 = Debug|Win32
		{F36413EB-4E12-4ED7-8280-54B2B16121CE}.Release|Win32.ActiveCfg = Release|Win32
		{F36413EB-4E12-4ED7-8280-54B2B16121CE}.Release|Win32.Build.0 = Release|Win32
		{EF54ABA0-4B92-4D5E-A457-2107C9762D65}.Debug|Win32.ActiveCfg = Debug|Win32
		{EF54ABA0-4B92-4D5E-A457-2107C9762D65}.Debug|Win32.Build.0 = Debug|Win32
		{EF54ABA0-4B92-4D5E-A457-2107C9762D65}.Release|Win32.ActiveCfg = Release|Win32
		{EF54ABA0-4B92-4D5E-A457-2107C9762D65}.Release|Win32.Build.0 = Release|Win32
		{EAF17B59-803F-4B11-9B6F-B735D5E9E69A}.Debug|Win32.ActiveCfg = Debug|Win32
		{EAF17B59-803F-4B11-9B6F-B735D5E9E69A}.Debug|Win32.Build.0 = Debug|Win32
		{EAF17B59-803F-4B11-9B6F-B735D5E9E69A}.Release|Win32.ActiveCfg = Release|Win32
		{EAF17B59-803F-4B11-9B6F-B735D5E9E69A}.Release|Win32.Build.0 = Release|Win32
	EndGlobalSection
	GlobalSection(SolutionProperties) = preSolution
		HideSolutionNode = FALSE
	EndGlobalSection
EndGlobal
